
Microsoft Visual Studio Solution File, Format Version 12.00
# Visual Studio Version 17
VisualStudioVersion = 17.7.34024.191
MinimumVisualStudioVersion = 10.0.40219.1
Project("{FAE04EC0-301F-11D3-BF4B-00C04F79EFBC}") = "AzWepApp", "AzWepApp.csproj", "{0828E3D0-77CD-4A43-BC44-A7AC302C432B}"
EndProject
Global
	GlobalSection(SolutionConfigurationPlatforms) = preSolution
		Debug|Any CPU = Debug|Any CPU
		Release|Any CPU = Release|Any CPU
	EndGlobalSection
	GlobalSection(ProjectConfigurationPlatforms) = postSolution
		{0828E3D0-77CD-4A43-BC44-A7AC302C432B}.Debug|Any CPU.ActiveCfg = Debug|Any CPU
		{0828E3D0-77CD-4A43-BC44-A7AC302C432B}.Debug|Any CPU.Build.0 = Debug|Any CPU
		{0828E3D0-77CD-4A43-BC44-A7AC302C432B}.Release|Any CPU.ActiveCfg = Release|Any CPU
		{0828E3D0-77CD-4A43-BC44-A7AC302C432B}.Release|Any CPU.Build.0 = Release|Any CPU
	EndGlobalSection
	GlobalSection(SolutionProperties) = preSolution
		HideSolutionNode = FALSE
	EndGlobalSection
	GlobalSection(ExtensibilityGlobals) = postSolution
		SolutionGuid = {06EC03BF-43AA-43B1-ADC9-FB33718B2FD7}
	EndGlobalSection
EndGlobal
